# This file is generated by running "yarn install" inside your project.
# Manual changes might be lost - proceed with caution!

__metadata:
  version: 10
  cacheKey: 10c0

"@1stg/tsconfig@npm:^4.0.0":
  version: 4.0.0
  resolution: "@1stg/tsconfig@npm:4.0.0"
  peerDependencies:
    typescript: ">=6.0.0"
  checksum: 10c0/44d7352fe469cff299f41adebd3022cb12d54fd47277835e6a66a3b29a96cf2049b3df396b460e6cb8c0363a16c54b36b25fb6bf4207bb26edec4813493e8c69
  languageName: node
  linkType: hard

"@emnapi/runtime@npm:^1.11.3":
  version: 1.11.3
  resolution: "@emnapi/runtime@npm:1.11.3"
  dependencies:
    tslib: "npm:^2.4.0"
  checksum: 10c0/a00f1020fefb9d4145c367f93a9fddb383a00da8ffd7871e20b19659890379b83aeecb9f84d7d0eda5456343f4a09eb05b0acb5153b0d3d889539dedb1ed87c3
  languageName: node
  linkType: hard

"@img/colour@npm:^1.1.0":
  version: 1.1.0
  resolution: "@img/colour@npm:1.1.0"
  checksum: 10c0/2ebea2c0bbaee73b99badcefa04e1e71d83f36e5369337d3121dca841f4569533c4e2faddda6d62dd247f0d5cca143711f9446c59bcce81e427ba433a7a94a17
  languageName: node
  linkType: hard

"@img/sharp-darwin-arm64@npm:0.35.4":
  version: 0.35.4
  resolution: "@img/sharp-darwin-arm64@npm:0.35.4"
  dependencies:
    "@img/sharp-libvips-darwin-arm64": "npm:1.3.3"
  dependenciesMeta:
    "@img/sharp-libvips-darwin-arm64":
      optional: true
  conditions: os=darwin & cpu=arm64
  languageName: node
  linkType: hard

"@img/sharp-darwin-x64@npm:0.35.4":
  version: 0.35.4
  resolution: "@img/sharp-darwin-x64@npm:0.35.4"
  dependencies:
    "@img/sharp-libvips-darwin-x64": "npm:1.3.3"
  dependenciesMeta:
    "@img/sharp-libvips-darwin-x64":
      optional: true
  conditions: os=darwin & cpu=x64
  languageName: node
  linkType: hard

"@img/sharp-freebsd-wasm32@npm:0.35.4":
  version: 0.35.4
  resolution: "@img/sharp-freebsd-wasm32@npm:0.35.4"
  dependencies:
    "@img/sharp-wasm32": "npm:0.35.4"
  conditions: os=freebsd
  languageName: node
  linkType: hard

"@img/sharp-libvips-darwin-arm64@npm:1.3.3":
  version: 1.3.3
  resolution: "@img/sharp-libvips-darwin-arm64@npm:1.3.3"
  conditions: os=darwin & cpu=arm64
  languageName: node
  linkType: hard

"@img/sharp-libvips-darwin-x64@npm:1.3.3":
  version: 1.3.3
  resolution: "@img/sharp-libvips-darwin-x64@npm:1.3.3"
  conditions: os=darwin & cpu=x64
  languageName: node
  linkType: hard

"@img/sharp-libvips-linux-arm64@npm:1.3.3":
  version: 1.3.3
  resolution: "@img/sharp-libvips-linux-arm64@npm:1.3.3"
  conditions: os=linux & cpu=arm64 & libc=glibc
  languageName: node
  linkType: hard

"@img/sharp-libvips-linux-arm@npm:1.3.3":
  version: 1.3.3
  resolution: "@img/sharp-libvips-linux-arm@npm:1.3.3"
  conditions: os=linux & cpu=arm & libc=glibc
  languageName: node
  linkType: hard

"@img/sharp-libvips-linux-ppc64@npm:1.3.3":
  version: 1.3.3
  resolution: "@img/sharp-libvips-linux-ppc64@npm:1.3.3"
  conditions: os=linux & cpu=ppc64 & libc=glibc
  languageName: node
  linkType: hard

"@img/sharp-libvips-linux-riscv64@npm:1.3.3":
  version: 1.3.3
  resolution: "@img/sharp-libvips-linux-riscv64@npm:1.3.3"
  conditions: os=linux & cpu=riscv64 & libc=glibc
  languageName: node
  linkType: hard

"@img/sharp-libvips-linux-s390x@npm:1.3.3":
  version: 1.3.3
  resolution: "@img/sharp-libvips-linux-s390x@npm:1.3.3"
  conditions: os=linux & cpu=s390x & libc=glibc
  languageName: node
  linkType: hard

"@img/sharp-libvips-linux-x64@npm:1.3.3":
  version: 1.3.3
  resolution: "@img/sharp-libvips-linux-x64@npm:1.3.3"
  conditions: os=linux & cpu=x64 & libc=glibc
  languageName: node
  linkType: hard

"@img/sharp-libvips-linuxmusl-arm64@npm:1.3.3":
  version: 1.3.3
  resolution: "@img/sharp-libvips-linuxmusl-arm64@npm:1.3.3"
  conditions: os=linux & cpu=arm64 & libc=musl
  languageName: node
  linkType: hard

"@img/sharp-libvips-linuxmusl-x64@npm:1.3.3":
  version: 1.3.3
  resolution: "@img/sharp-libvips-linuxmusl-x64@npm:1.3.3"
  conditions: os=linux & cpu=x64 & libc=musl
  languageName: node
  linkType: hard

"@img/sharp-linux-arm64@npm:0.35.4":
  version: 0.35.4
  resolution: "@img/sharp-linux-arm64@npm:0.35.4"
  dependencies:
    "@img/sharp-libvips-linux-arm64": "npm:1.3.3"
  dependenciesMeta:
    "@img/sharp-libvips-linux-arm64":
      optional: true
  conditions: os=linux & cpu=arm64 & libc=glibc
  languageName: node
  linkType: hard

"@img/sharp-linux-arm@npm:0.35.4":
  version: 0.35.4
  resolution: "@img/sharp-linux-arm@npm:0.35.4"
  dependencies:
    "@img/sharp-libvips-linux-arm": "npm:1.3.3"
  dependenciesMeta:
    "@img/sharp-libvips-linux-arm":
      optional: true
  conditions: os=linux & cpu=arm & libc=glibc
  languageName: node
  linkType: hard

"@img/sharp-linux-ppc64@npm:0.35.4":
  version: 0.35.4
  resolution: "@img/sharp-linux-ppc64@npm:0.35.4"
  dependencies:
    "@img/sharp-libvips-linux-ppc64": "npm:1.3.3"
  dependenciesMeta:
    "@img/sharp-libvips-linux-ppc64":
      optional: true
  conditions: os=linux & cpu=ppc64 & libc=glibc
  languageName: node
  linkType: hard

"@img/sharp-linux-riscv64@npm:0.35.4":
  version: 0.35.4
  resolution: "@img/sharp-linux-riscv64@npm:0.35.4"
  dependencies:
    "@img/sharp-libvips-linux-riscv64": "npm:1.3.3"
  dependenciesMeta:
    "@img/sharp-libvips-linux-riscv64":
      optional: true
  conditions: os=linux & cpu=riscv64 & libc=glibc
  languageName: node
  linkType: hard

"@img/sharp-linux-s390x@npm:0.35.4":
  version: 0.35.4
  resolution: "@img/sharp-linux-s390x@npm:0.35.4"
  dependencies:
    "@img/sharp-libvips-linux-s390x": "npm:1.3.3"
  dependenciesMeta:
    "@img/sharp-libvips-linux-s390x":
      optional: true
  conditions: os=linux & cpu=s390x & libc=glibc
  languageName: node
  linkType: hard

"@img/sharp-linux-x64@npm:0.35.4":
  version: 0.35.4
  resolution: "@img/sharp-linux-x64@npm:0.35.4"
  dependencies:
    "@img/sharp-libvips-linux-x64": "npm:1.3.3"
  dependenciesMeta:
    "@img/sharp-libvips-linux-x64":
      optional: true
  conditions: os=linux & cpu=x64 & libc=glibc
  languageName: node
  linkType: hard

"@img/sharp-linuxmusl-arm64@npm:0.35.4":
  version: 0.35.4
  resolution: "@img/sharp-linuxmusl-arm64@npm:0.35.4"
  dependencies:
    "@img/sharp-libvips-linuxmusl-arm64": "npm:1.3.3"
  dependenciesMeta:
    "@img/sharp-libvips-linuxmusl-arm64":
      optional: true
  conditions: os=linux & cpu=arm64 & libc=musl
  languageName: node
  linkType: hard

"@img/sharp-linuxmusl-x64@npm:0.35.4":
  version: 0.35.4
  resolution: "@img/sharp-linuxmusl-x64@npm:0.35.4"
  dependencies:
    "@img/sharp-libvips-linuxmusl-x64": "npm:1.3.3"
  dependenciesMeta:
    "@img/sharp-libvips-linuxmusl-x64":
      optional: true
  conditions: os=linux & cpu=x64 & libc=musl
  languageName: node
  linkType: hard

"@img/sharp-wasm32@npm:0.35.4":
  version: 0.35.4
  resolution: "@img/sharp-wasm32@npm:0.35.4"
  dependencies:
    "@emnapi/runtime": "npm:^1.11.3"
  checksum: 10c0/7f5e394f168eb2f038b8ae4949fb5434085d1db931ede2ae1389479d7a1dbe11e2fc9d58e8e9830bff744ba996256c9e411be1d466dfcbf6e1f4d153b84f25ff
  languageName: node
  linkType: hard

"@img/sharp-webcontainers-wasm32@npm:0.35.4":
  version: 0.35.4
  resolution: "@img/sharp-webcontainers-wasm32@npm:0.35.4"
  dependencies:
    "@img/sharp-wasm32": "npm:0.35.4"
  conditions: cpu=wasm32
  languageName: node
  linkType: hard

"@img/sharp-win32-arm64@npm:0.35.4":
  version: 0.35.4
  resolution: "@img/sharp-win32-arm64@npm:0.35.4"
  conditions: os=win32 & cpu=arm64
  languageName: node
  linkType: hard

"@img/sharp-win32-ia32@npm:0.35.4":
  version: 0.35.4
  resolution: "@img/sharp-win32-ia32@npm:0.35.4"
  conditions: os=win32 & cpu=ia32
  languageName: node
  linkType: hard

"@img/sharp-win32-x64@npm:0.35.4":
  version: 0.35.4
  resolution: "@img/sharp-win32-x64@npm:0.35.4"
  conditions: os=win32 & cpu=x64
  languageName: node
  linkType: hard

"@quansync/fs@npm:^1.0.0":
  version: 1.0.0
  resolution: "@quansync/fs@npm:1.0.0"
  dependencies:
    quansync: "npm:^1.0.0"
  checksum: 10c0/41a7e145d4fc349eaeac20ee7ffe0c876a7c26b2268d5704b462b3e7379091221336e315b2b346d5b07a531502a41cad15c9f374800cc60b6339d074ef99aa16
  languageName: node
  linkType: hard

"@types/node@npm:^26.2.0":
  version: 26.4.0
  resolution: "@types/node@npm:26.4.0"
  dependencies:
    undici-types: "npm:~8.3.0"
  checksum: 10c0/e6fc94ea3b58fb8040b38c465dec1c53c1fd9d2c092c81f699d28799726baf59f12e1600318e79e8e6f985bb919dab6ae820180b942b8e38c51acaad63e8aada
  languageName: node
  linkType: hard

"ansis@npm:^4.3.1":
  version: 4.3.1
  resolution: "ansis@npm:4.3.1"
  checksum: 10c0/d1a48090f9c33b18f254a3496e5336a20391a51140b552a1c0bc38710ae7c8bc36a62658f28759797d7bce15e89b893e9ef1962ea1ea42a291d112263f6e593c
  languageName: node
  linkType: hard

"cac@npm:^7.0.0":
  version: 7.0.0
  resolution: "cac@npm:7.0.0"
  checksum: 10c0/e9da33cb9f0425546ae92a450d479276f9969a050fe64f5d6fedf058bdd87f22a370797fe1c158e07655fa9fc183749df7cb2037431e3772faa7bee9919fb763
  languageName: node
  linkType: hard

"consola@npm:^3.4.2":
  version: 3.4.2
  resolution: "consola@npm:3.4.2"
  checksum: 10c0/7cebe57ecf646ba74b300bcce23bff43034ed6fbec9f7e39c27cee1dc00df8a21cd336b466ad32e304ea70fba04ec9e890c200270de9a526ce021ba8a7e4c11a
  languageName: node
  linkType: hard

"d3-hierarchy@npm:^3.1.2":
  version: 3.1.2
  resolution: "d3-hierarchy@npm:3.1.2"
  checksum: 10c0/6dcdb480539644aa7fc0d72dfc7b03f99dfbcdf02714044e8c708577e0d5981deb9d3e99bbbb2d26422b55bcc342ac89a0fa2ea6c9d7302e2fc0951dd96f89cf
  languageName: node
  linkType: hard

"defu@npm:^6.1.4":
  version: 6.1.7
  resolution: "defu@npm:6.1.7"
  checksum: 10c0/e6635388103c8be3c574ac31302f6930e5e6eeedba32cb1b30cf993c7d9fb571aec2485446dfa23bfa63e55e66156fe109027a9695db82a50f931e91e8d4bedb
  languageName: node
  linkType: hard

"destr@npm:^2.0.5":
  version: 2.0.5
  resolution: "destr@npm:2.0.5"
  checksum: 10c0/efabffe7312a45ad90d79975376be958c50069f1156b94c181199763a7f971e113bd92227c26b94a169c71ca7dbc13583b7e96e5164743969fc79e1ff153e646
  languageName: node
  linkType: hard

"detect-libc@npm:^2.1.2":
  version: 2.1.2
  resolution: "detect-libc@npm:2.1.2"
  checksum: 10c0/acc675c29a5649fa1fb6e255f993b8ee829e510b6b56b0910666949c80c364738833417d0edb5f90e4e46be17228b0f2b66a010513984e18b15deeeac49369c4
  languageName: node
  linkType: hard

"jiti@npm:^2.6.1":
  version: 2.7.0
  resolution: "jiti@npm:2.7.0"
  bin:
    jiti: lib/jiti-cli.mjs
  checksum: 10c0/1b1e2310a490dce1aeea3da5f5dfe18273516c20ce48be2e98eb8ea452d5f3dcc8fd0cfd6d28b4052a24c5dbab6e3089b2d7e79f0bce7915b10d750929563c42
  languageName: node
  linkType: hard

"node-fetch-native@npm:^1.6.7":
  version: 1.6.7
  resolution: "node-fetch-native@npm:1.6.7"
  checksum: 10c0/8b748300fb053d21ca4d3db9c3ff52593d5e8f8a2d9fe90cbfad159676e324b954fdaefab46aeca007b5b9edab3d150021c4846444e4e8ab1f4e44cd3807be87
  languageName: node
  linkType: hard

"normalize-url@npm:^9.0.1":
  version: 9.0.1
  resolution: "normalize-url@npm:9.0.1"
  checksum: 10c0/fedcc5247819386494599f487dac2166944999eecfa0efeb3e9a6041aa77ff1656cc1495cbcd9cee202fea3dea51c1e9fc8b7f0fd332e0480b5863f12b60dc33
  languageName: node
  linkType: hard

"ofetch@npm:^1.5.1":
  version: 1.5.1
  resolution: "ofetch@npm:1.5.1"
  dependencies:
    destr: "npm:^2.0.5"
    node-fetch-native: "npm:^1.6.7"
    ufo: "npm:^1.6.1"
  checksum: 10c0/97ebc600512ea0ab401e97c73313218cc53c9b530b32ec8c995c347b0c68887129993168d1753f527761a64c6f93a5d823ce1378ccec95fc65a606f323a79a6c
  languageName: node
  linkType: hard

"p-limit@npm:^7.3.1":
  version: 7.3.1
  resolution: "p-limit@npm:7.3.1"
  dependencies:
    yocto-queue: "npm:^1.2.1"
  checksum: 10c0/49b7d7fcc244d4659fa3b260c7b4e632bc72333c60e76e4cd24c7befdeb9b8e22da644e5064e83df9e2ded75245e3e3b9df0e9cf8500b08db8ebf58ac18c6764
  languageName: node
  linkType: hard

"quansync@npm:^1.0.0":
  version: 1.0.0
  resolution: "quansync@npm:1.0.0"
  checksum: 10c0/076542634399a0cc46078baab6b31acee7a88c5a435234345f645aedaa42bc6a63836e655fb39b1b21a83c98ec86a4b73ec5e2b2d6f3fdc22711eeeff9463253
  languageName: node
  linkType: hard

"root-workspace-0b6124@workspace:.":
  version: 0.0.0-use.local
  resolution: "root-workspace-0b6124@workspace:."
  dependencies:
    "@1stg/tsconfig": "npm:^4.0.0"
    "@types/node": "npm:^26.2.0"
    sponsorkit: "npm:^18.0.0"
  languageName: unknown
  linkType: soft

"semver@npm:^7.8.5":
  version: 7.8.5
  resolution: "semver@npm:7.8.5"
  bin:
    semver: bin/semver.js
  checksum: 10c0/b1f3127a5be8125a94f37188b361c212466c292c6910adce3ec106cff5dc211ccaedc4739c11bb70fda59d6fc1f040a9bca289f4e093451521a2372e5231fe0c
  languageName: node
  linkType: hard

"sharp@npm:^0.35.3":
  version: 0.35.4
  resolution: "sharp@npm:0.35.4"
  dependencies:
    "@img/colour": "npm:^1.1.0"
    "@img/sharp-darwin-arm64": "npm:0.35.4"
    "@img/sharp-darwin-x64": "npm:0.35.4"
    "@img/sharp-freebsd-wasm32": "npm:0.35.4"
    "@img/sharp-libvips-darwin-arm64": "npm:1.3.3"
    "@img/sharp-libvips-darwin-x64": "npm:1.3.3"
    "@img/sharp-libvips-linux-arm": "npm:1.3.3"
    "@img/sharp-libvips-linux-arm64": "npm:1.3.3"
    "@img/sharp-libvips-linux-ppc64": "npm:1.3.3"
    "@img/sharp-libvips-linux-riscv64": "npm:1.3.3"
    "@img/sharp-libvips-linux-s390x": "npm:1.3.3"
    "@img/sharp-libvips-linux-x64": "npm:1.3.3"
    "@img/sharp-libvips-linuxmusl-arm64": "npm:1.3.3"
    "@img/sharp-libvips-linuxmusl-x64": "npm:1.3.3"
    "@img/sharp-linux-arm": "npm:0.35.4"
    "@img/sharp-linux-arm64": "npm:0.35.4"
    "@img/sharp-linux-ppc64": "npm:0.35.4"
    "@img/sharp-linux-riscv64": "npm:0.35.4"
    "@img/sharp-linux-s390x": "npm:0.35.4"
    "@img/sharp-linux-x64": "npm:0.35.4"
    "@img/sharp-linuxmusl-arm64": "npm:0.35.4"
    "@img/sharp-linuxmusl-x64": "npm:0.35.4"
    "@img/sharp-webcontainers-wasm32": "npm:0.35.4"
    "@img/sharp-win32-arm64": "npm:0.35.4"
    "@img/sharp-win32-ia32": "npm:0.35.4"
    "@img/sharp-win32-x64": "npm:0.35.4"
    detect-libc: "npm:^2.1.2"
    semver: "npm:^7.8.5"
  dependenciesMeta:
    "@img/sharp-darwin-arm64":
      optional: true
    "@img/sharp-darwin-x64":
      optional: true
    "@img/sharp-freebsd-wasm32":
      optional: true
    "@img/sharp-libvips-darwin-arm64":
      optional: true
    "@img/sharp-libvips-darwin-x64":
      optional: true
    "@img/sharp-libvips-linux-arm":
      optional: true
    "@img/sharp-libvips-linux-arm64":
      optional: true
    "@img/sharp-libvips-linux-ppc64":
      optional: true
    "@img/sharp-libvips-linux-riscv64":
      optional: true
    "@img/sharp-libvips-linux-s390x":
      optional: true
    "@img/sharp-libvips-linux-x64":
      optional: true
    "@img/sharp-libvips-linuxmusl-arm64":
      optional: true
    "@img/sharp-libvips-linuxmusl-x64":
      optional: true
    "@img/sharp-linux-arm":
      optional: true
    "@img/sharp-linux-arm64":
      optional: true
    "@img/sharp-linux-ppc64":
      optional: true
    "@img/sharp-linux-riscv64":
      optional: true
    "@img/sharp-linux-s390x":
      optional: true
    "@img/sharp-linux-x64":
      optional: true
    "@img/sharp-linuxmusl-arm64":
      optional: true
    "@img/sharp-linuxmusl-x64":
      optional: true
    "@img/sharp-webcontainers-wasm32":
      optional: true
    "@img/sharp-win32-arm64":
      optional: true
    "@img/sharp-win32-ia32":
      optional: true
    "@img/sharp-win32-x64":
      optional: true
  peerDependenciesMeta:
    "@types/node":
      optional: true
  checksum: 10c0/dbcc0909200cbff98e82805c86085b94afbd45f373897a04b21e52e9bbc1671dc64970350dd3cb6b2d0970f3444be7100d728005dc6620e39b599269ed7e15eb
  languageName: node
  linkType: hard

"sponsorkit@npm:^18.0.0":
  version: 18.0.0
  resolution: "sponsorkit@npm:18.0.0"
  dependencies:
    ansis: "npm:^4.3.1"
    cac: "npm:^7.0.0"
    consola: "npm:^3.4.2"
    d3-hierarchy: "npm:^3.1.2"
    normalize-url: "npm:^9.0.1"
    ofetch: "npm:^1.5.1"
    p-limit: "npm:^7.3.1"
    sharp: "npm:^0.35.3"
    unconfig: "npm:^7.5.0"
  bin:
    sponsorkit: ./dist/cli.mjs
  checksum: 10c0/e29fb7be06a734cbf22ce6859afa50a919de62b160ad9701034ecbac590760ab6819cc7212413bbcd11258a11cb7b7f752783ac66a9556ee64240fd212dcd53b
  languageName: node
  linkType: hard

"tslib@npm:^2.4.0":
  version: 2.8.1
  resolution: "tslib@npm:2.8.1"
  checksum: 10c0/9c4759110a19c53f992d9aae23aac5ced636e99887b51b9e61def52611732872ff7668757d4e4c61f19691e36f4da981cd9485e869b4a7408d689f6bf1f14e62
  languageName: node
  linkType: hard

"ufo@npm:^1.6.1":
  version: 1.6.4
  resolution: "ufo@npm:1.6.4"
  checksum: 10c0/3a2b29e7e3d772fbf6893d7d23bf442981457adb2fe122828abdbda89bedcb81aafd0dcc080e41b45f9a877db00cb42cbfee9639753a19d9b9bd39b5627039cf
  languageName: node
  linkType: hard

"unconfig-core@npm:7.5.0":
  version: 7.5.0
  resolution: "unconfig-core@npm:7.5.0"
  dependencies:
    "@quansync/fs": "npm:^1.0.0"
    quansync: "npm:^1.0.0"
  checksum: 10c0/9c9f745254aa8e267140430a432353d17ee87f625b0ea0668e189d88736828d117b66bd2dd41f1d48bd40d44d5b7c7d160e8b7996a60c8f484e2975ef73c7cb7
  languageName: node
  linkType: hard

"unconfig@npm:^7.5.0":
  version: 7.5.0
  resolution: "unconfig@npm:7.5.0"
  dependencies:
    "@quansync/fs": "npm:^1.0.0"
    defu: "npm:^6.1.4"
    jiti: "npm:^2.6.1"
    quansync: "npm:^1.0.0"
    unconfig-core: "npm:7.5.0"
  checksum: 10c0/940cb2b30d802e4edbb36c0469d122ec5d2402b20635aa71c223d24db431e2b83624672d1b42ba0023085111f3dddccc77516d23b79e1f0d6c67798a1351820c
  languageName: node
  linkType: hard

"undici-types@npm:~8.3.0":
  version: 8.3.0
  resolution: "undici-types@npm:8.3.0"
  checksum: 10c0/c8aa7e2fbebfce519654dafadc0ece59be888d2ccaf180fb4495da875e7b536d2456345c384069c7e6f3e9c9ab7435f074957da306f142343eee86ff8048855a
  languageName: node
  linkType: hard

"yocto-queue@npm:^1.2.1":
  version: 1.2.2
  resolution: "yocto-queue@npm:1.2.2"
  checksum: 10c0/36d4793e9cf7060f9da543baf67c55e354f4862c8d3d34de1a1b1d7c382d44171315cc54abf84d8900b8113d742b830108a1434f4898fb244f9b7e8426d4b8f5
  languageName: node
  linkType: hard
