# This file is generated by running "yarn install" inside your project.
# Manual changes might be lost - proceed with caution!

__metadata:
  version: 8
  cacheKey: 10c0

"@emnapi/runtime@npm:^1.7.0":
  version: 1.7.1
  resolution: "@emnapi/runtime@npm:1.7.1"
  dependencies:
    tslib: "npm:^2.4.0"
  checksum: 10c0/26b851cd3e93877d8732a985a2ebf5152325bbacc6204ef5336a47359dedcc23faeb08cdfcb8bb389b5401b3e894b882bc1a1e55b4b7c1ed1e67c991a760ddd5
  languageName: node
  linkType: hard

"@img/colour@npm:^1.0.0":
  version: 1.0.0
  resolution: "@img/colour@npm:1.0.0"
  checksum: 10c0/02261719c1e0d7aa5a2d585981954f2ac126f0c432400aa1a01b925aa2c41417b7695da8544ee04fd29eba7ecea8eaf9b8bef06f19dc8faba78f94eeac40667d
  languageName: node
  linkType: hard

"@img/sharp-darwin-arm64@npm:0.34.5":
  version: 0.34.5
  resolution: "@img/sharp-darwin-arm64@npm:0.34.5"
  dependencies:
    "@img/sharp-libvips-darwin-arm64": "npm:1.2.4"
  dependenciesMeta:
    "@img/sharp-libvips-darwin-arm64":
      optional: true
  conditions: os=darwin & cpu=arm64
  languageName: node
  linkType: hard

"@img/sharp-darwin-x64@npm:0.34.5":
  version: 0.34.5
  resolution: "@img/sharp-darwin-x64@npm:0.34.5"
  dependencies:
    "@img/sharp-libvips-darwin-x64": "npm:1.2.4"
  dependenciesMeta:
    "@img/sharp-libvips-darwin-x64":
      optional: true
  conditions: os=darwin & cpu=x64
  languageName: node
  linkType: hard

"@img/sharp-libvips-darwin-arm64@npm:1.2.4":
  version: 1.2.4
  resolution: "@img/sharp-libvips-darwin-arm64@npm:1.2.4"
  conditions: os=darwin & cpu=arm64
  languageName: node
  linkType: hard

"@img/sharp-libvips-darwin-x64@npm:1.2.4":
  version: 1.2.4
  resolution: "@img/sharp-libvips-darwin-x64@npm:1.2.4"
  conditions: os=darwin & cpu=x64
  languageName: node
  linkType: hard

"@img/sharp-libvips-linux-arm64@npm:1.2.4":
  version: 1.2.4
  resolution: "@img/sharp-libvips-linux-arm64@npm:1.2.4"
  conditions: os=linux & cpu=arm64 & libc=glibc
  languageName: node
  linkType: hard

"@img/sharp-libvips-linux-arm@npm:1.2.4":
  version: 1.2.4
  resolution: "@img/sharp-libvips-linux-arm@npm:1.2.4"
  conditions: os=linux & cpu=arm & libc=glibc
  languageName: node
  linkType: hard

"@img/sharp-libvips-linux-ppc64@npm:1.2.4":
  version: 1.2.4
  resolution: "@img/sharp-libvips-linux-ppc64@npm:1.2.4"
  conditions: os=linux & cpu=ppc64 & libc=glibc
  languageName: node
  linkType: hard

"@img/sharp-libvips-linux-riscv64@npm:1.2.4":
  version: 1.2.4
  resolution: "@img/sharp-libvips-linux-riscv64@npm:1.2.4"
  conditions: os=linux & cpu=riscv64 & libc=glibc
  languageName: node
  linkType: hard

"@img/sharp-libvips-linux-s390x@npm:1.2.4":
  version: 1.2.4
  resolution: "@img/sharp-libvips-linux-s390x@npm:1.2.4"
  conditions: os=linux & cpu=s390x & libc=glibc
  languageName: node
  linkType: hard

"@img/sharp-libvips-linux-x64@npm:1.2.4":
  version: 1.2.4
  resolution: "@img/sharp-libvips-linux-x64@npm:1.2.4"
  conditions: os=linux & cpu=x64 & libc=glibc
  languageName: node
  linkType: hard

"@img/sharp-libvips-linuxmusl-arm64@npm:1.2.4":
  version: 1.2.4
  resolution: "@img/sharp-libvips-linuxmusl-arm64@npm:1.2.4"
  conditions: os=linux & cpu=arm64 & libc=musl
  languageName: node
  linkType: hard

"@img/sharp-libvips-linuxmusl-x64@npm:1.2.4":
  version: 1.2.4
  resolution: "@img/sharp-libvips-linuxmusl-x64@npm:1.2.4"
  conditions: os=linux & cpu=x64 & libc=musl
  languageName: node
  linkType: hard

"@img/sharp-linux-arm64@npm:0.34.5":
  version: 0.34.5
  resolution: "@img/sharp-linux-arm64@npm:0.34.5"
  dependencies:
    "@img/sharp-libvips-linux-arm64": "npm:1.2.4"
  dependenciesMeta:
    "@img/sharp-libvips-linux-arm64":
      optional: true
  conditions: os=linux & cpu=arm64 & libc=glibc
  languageName: node
  linkType: hard

"@img/sharp-linux-arm@npm:0.34.5":
  version: 0.34.5
  resolution: "@img/sharp-linux-arm@npm:0.34.5"
  dependencies:
    "@img/sharp-libvips-linux-arm": "npm:1.2.4"
  dependenciesMeta:
    "@img/sharp-libvips-linux-arm":
      optional: true
  conditions: os=linux & cpu=arm & libc=glibc
  languageName: node
  linkType: hard

"@img/sharp-linux-ppc64@npm:0.34.5":
  version: 0.34.5
  resolution: "@img/sharp-linux-ppc64@npm:0.34.5"
  dependencies:
    "@img/sharp-libvips-linux-ppc64": "npm:1.2.4"
  dependenciesMeta:
    "@img/sharp-libvips-linux-ppc64":
      optional: true
  conditions: os=linux & cpu=ppc64 & libc=glibc
  languageName: node
  linkType: hard

"@img/sharp-linux-riscv64@npm:0.34.5":
  version: 0.34.5
  resolution: "@img/sharp-linux-riscv64@npm:0.34.5"
  dependencies:
    "@img/sharp-libvips-linux-riscv64": "npm:1.2.4"
  dependenciesMeta:
    "@img/sharp-libvips-linux-riscv64":
      optional: true
  conditions: os=linux & cpu=riscv64 & libc=glibc
  languageName: node
  linkType: hard

"@img/sharp-linux-s390x@npm:0.34.5":
  version: 0.34.5
  resolution: "@img/sharp-linux-s390x@npm:0.34.5"
  dependencies:
    "@img/sharp-libvips-linux-s390x": "npm:1.2.4"
  dependenciesMeta:
    "@img/sharp-libvips-linux-s390x":
      optional: true
  conditions: os=linux & cpu=s390x & libc=glibc
  languageName: node
  linkType: hard

"@img/sharp-linux-x64@npm:0.34.5":
  version: 0.34.5
  resolution: "@img/sharp-linux-x64@npm:0.34.5"
  dependencies:
    "@img/sharp-libvips-linux-x64": "npm:1.2.4"
  dependenciesMeta:
    "@img/sharp-libvips-linux-x64":
      optional: true
  conditions: os=linux & cpu=x64 & libc=glibc
  languageName: node
  linkType: hard

"@img/sharp-linuxmusl-arm64@npm:0.34.5":
  version: 0.34.5
  resolution: "@img/sharp-linuxmusl-arm64@npm:0.34.5"
  dependencies:
    "@img/sharp-libvips-linuxmusl-arm64": "npm:1.2.4"
  dependenciesMeta:
    "@img/sharp-libvips-linuxmusl-arm64":
      optional: true
  conditions: os=linux & cpu=arm64 & libc=musl
  languageName: node
  linkType: hard

"@img/sharp-linuxmusl-x64@npm:0.34.5":
  version: 0.34.5
  resolution: "@img/sharp-linuxmusl-x64@npm:0.34.5"
  dependencies:
    "@img/sharp-libvips-linuxmusl-x64": "npm:1.2.4"
  dependenciesMeta:
    "@img/sharp-libvips-linuxmusl-x64":
      optional: true
  conditions: os=linux & cpu=x64 & libc=musl
  languageName: node
  linkType: hard

"@img/sharp-wasm32@npm:0.34.5":
  version: 0.34.5
  resolution: "@img/sharp-wasm32@npm:0.34.5"
  dependencies:
    "@emnapi/runtime": "npm:^1.7.0"
  conditions: cpu=wasm32
  languageName: node
  linkType: hard

"@img/sharp-win32-arm64@npm:0.34.5":
  version: 0.34.5
  resolution: "@img/sharp-win32-arm64@npm:0.34.5"
  conditions: os=win32 & cpu=arm64
  languageName: node
  linkType: hard

"@img/sharp-win32-ia32@npm:0.34.5":
  version: 0.34.5
  resolution: "@img/sharp-win32-ia32@npm:0.34.5"
  conditions: os=win32 & cpu=ia32
  languageName: node
  linkType: hard

"@img/sharp-win32-x64@npm:0.34.5":
  version: 0.34.5
  resolution: "@img/sharp-win32-x64@npm:0.34.5"
  conditions: os=win32 & cpu=x64
  languageName: node
  linkType: hard

"@quansync/fs@npm:^1.0.0":
  version: 1.0.0
  resolution: "@quansync/fs@npm:1.0.0"
  dependencies:
    quansync: "npm:^1.0.0"
  checksum: 10c0/41a7e145d4fc349eaeac20ee7ffe0c876a7c26b2268d5704b462b3e7379091221336e315b2b346d5b07a531502a41cad15c9f374800cc60b6339d074ef99aa16
  languageName: node
  linkType: hard

"@types/node@npm:^24.0.0":
  version: 24.10.4
  resolution: "@types/node@npm:24.10.4"
  dependencies:
    undici-types: "npm:~7.16.0"
  checksum: 10c0/069639cb7233ee747df1897b5e784f6b6c5da765c96c94773c580aac888fa1a585048d2a6e95eb8302d89c7a9df75801c8b5a0b7d0221d4249059cf09a5f4228
  languageName: node
  linkType: hard

"ansis@npm:^4.1.0":
  version: 4.2.0
  resolution: "ansis@npm:4.2.0"
  checksum: 10c0/cd6a7a681ecd36e72e0d79c1e34f1f3bcb1b15bcbb6f0f8969b4228062d3bfebbef468e09771b00d93b2294370b34f707599d4a113542a876de26823b795b5d2
  languageName: node
  linkType: hard

"cac@npm:^6.7.14":
  version: 6.7.14
  resolution: "cac@npm:6.7.14"
  checksum: 10c0/4ee06aaa7bab8981f0d54e5f5f9d4adcd64058e9697563ce336d8a3878ed018ee18ebe5359b2430eceae87e0758e62ea2019c3f52ae6e211b1bd2e133856cd10
  languageName: node
  linkType: hard

"consola@npm:^3.4.2":
  version: 3.4.2
  resolution: "consola@npm:3.4.2"
  checksum: 10c0/7cebe57ecf646ba74b300bcce23bff43034ed6fbec9f7e39c27cee1dc00df8a21cd336b466ad32e304ea70fba04ec9e890c200270de9a526ce021ba8a7e4c11a
  languageName: node
  linkType: hard

"defu@npm:^6.1.4":
  version: 6.1.4
  resolution: "defu@npm:6.1.4"
  checksum: 10c0/2d6cc366262dc0cb8096e429368e44052fdf43ed48e53ad84cc7c9407f890301aa5fcb80d0995abaaf842b3949f154d060be4160f7a46cb2bc2f7726c81526f5
  languageName: node
  linkType: hard

"destr@npm:^2.0.3":
  version: 2.0.5
  resolution: "destr@npm:2.0.5"
  checksum: 10c0/efabffe7312a45ad90d79975376be958c50069f1156b94c181199763a7f971e113bd92227c26b94a169c71ca7dbc13583b7e96e5164743969fc79e1ff153e646
  languageName: node
  linkType: hard

"detect-libc@npm:^2.1.2":
  version: 2.1.2
  resolution: "detect-libc@npm:2.1.2"
  checksum: 10c0/acc675c29a5649fa1fb6e255f993b8ee829e510b6b56b0910666949c80c364738833417d0edb5f90e4e46be17228b0f2b66a010513984e18b15deeeac49369c4
  languageName: node
  linkType: hard

"dotenv@npm:^17.2.1":
  version: 17.2.3
  resolution: "dotenv@npm:17.2.3"
  checksum: 10c0/c884403209f713214a1b64d4d1defa4934c2aa5b0002f5a670ae298a51e3c3ad3ba79dfee2f8df49f01ae74290fcd9acdb1ab1d09c7bfb42b539036108bb2ba0
  languageName: node
  linkType: hard

"jiti@npm:^2.6.1":
  version: 2.6.1
  resolution: "jiti@npm:2.6.1"
  bin:
    jiti: lib/jiti-cli.mjs
  checksum: 10c0/79b2e96a8e623f66c1b703b98ec1b8be4500e1d217e09b09e343471bbb9c105381b83edbb979d01cef18318cc45ce6e153571b6c83122170eefa531c64b6789b
  languageName: node
  linkType: hard

"node-fetch-native@npm:^1.6.4":
  version: 1.6.6
  resolution: "node-fetch-native@npm:1.6.6"
  checksum: 10c0/8c12dab0e640d8bc126a03d604af9cf3fc1b87f2cda5af0c71601079d5ed835c1dc149c7042b61c83f252a382e1cf1e541788f4c9e8e6c089af77497190f5dc3
  languageName: node
  linkType: hard

"ofetch@npm:^1.4.1":
  version: 1.4.1
  resolution: "ofetch@npm:1.4.1"
  dependencies:
    destr: "npm:^2.0.3"
    node-fetch-native: "npm:^1.6.4"
    ufo: "npm:^1.5.4"
  checksum: 10c0/fd712e84058ad5058a5880fe805e9bb1c2084fb7f9c54afa99a2c7e84065589b4312fa6e2dcca4432865e44ad1ec13fcd055c1bf7977ced838577a45689a04fa
  languageName: node
  linkType: hard

"quansync@npm:^1.0.0":
  version: 1.0.0
  resolution: "quansync@npm:1.0.0"
  checksum: 10c0/076542634399a0cc46078baab6b31acee7a88c5a435234345f645aedaa42bc6a63836e655fb39b1b21a83c98ec86a4b73ec5e2b2d6f3fdc22711eeeff9463253
  languageName: node
  linkType: hard

"root-workspace-0b6124@workspace:.":
  version: 0.0.0-use.local
  resolution: "root-workspace-0b6124@workspace:."
  dependencies:
    "@types/node": "npm:^24.0.0"
    sponsorkit: "npm:^17.0.0"
  languageName: unknown
  linkType: soft

"semver@npm:^7.7.3":
  version: 7.7.3
  resolution: "semver@npm:7.7.3"
  bin:
    semver: bin/semver.js
  checksum: 10c0/4afe5c986567db82f44c8c6faef8fe9df2a9b1d98098fc1721f57c696c4c21cebd572f297fc21002f81889492345b8470473bc6f4aff5fb032a6ea59ea2bc45e
  languageName: node
  linkType: hard

"sharp@npm:^0.34.3":
  version: 0.34.5
  resolution: "sharp@npm:0.34.5"
  dependencies:
    "@img/colour": "npm:^1.0.0"
    "@img/sharp-darwin-arm64": "npm:0.34.5"
    "@img/sharp-darwin-x64": "npm:0.34.5"
    "@img/sharp-libvips-darwin-arm64": "npm:1.2.4"
    "@img/sharp-libvips-darwin-x64": "npm:1.2.4"
    "@img/sharp-libvips-linux-arm": "npm:1.2.4"
    "@img/sharp-libvips-linux-arm64": "npm:1.2.4"
    "@img/sharp-libvips-linux-ppc64": "npm:1.2.4"
    "@img/sharp-libvips-linux-riscv64": "npm:1.2.4"
    "@img/sharp-libvips-linux-s390x": "npm:1.2.4"
    "@img/sharp-libvips-linux-x64": "npm:1.2.4"
    "@img/sharp-libvips-linuxmusl-arm64": "npm:1.2.4"
    "@img/sharp-libvips-linuxmusl-x64": "npm:1.2.4"
    "@img/sharp-linux-arm": "npm:0.34.5"
    "@img/sharp-linux-arm64": "npm:0.34.5"
    "@img/sharp-linux-ppc64": "npm:0.34.5"
    "@img/sharp-linux-riscv64": "npm:0.34.5"
    "@img/sharp-linux-s390x": "npm:0.34.5"
    "@img/sharp-linux-x64": "npm:0.34.5"
    "@img/sharp-linuxmusl-arm64": "npm:0.34.5"
    "@img/sharp-linuxmusl-x64": "npm:0.34.5"
    "@img/sharp-wasm32": "npm:0.34.5"
    "@img/sharp-win32-arm64": "npm:0.34.5"
    "@img/sharp-win32-ia32": "npm:0.34.5"
    "@img/sharp-win32-x64": "npm:0.34.5"
    detect-libc: "npm:^2.1.2"
    semver: "npm:^7.7.3"
  dependenciesMeta:
    "@img/sharp-darwin-arm64":
      optional: true
    "@img/sharp-darwin-x64":
      optional: true
    "@img/sharp-libvips-darwin-arm64":
      optional: true
    "@img/sharp-libvips-darwin-x64":
      optional: true
    "@img/sharp-libvips-linux-arm":
      optional: true
    "@img/sharp-libvips-linux-arm64":
      optional: true
    "@img/sharp-libvips-linux-ppc64":
      optional: true
    "@img/sharp-libvips-linux-riscv64":
      optional: true
    "@img/sharp-libvips-linux-s390x":
      optional: true
    "@img/sharp-libvips-linux-x64":
      optional: true
    "@img/sharp-libvips-linuxmusl-arm64":
      optional: true
    "@img/sharp-libvips-linuxmusl-x64":
      optional: true
    "@img/sharp-linux-arm":
      optional: true
    "@img/sharp-linux-arm64":
      optional: true
    "@img/sharp-linux-ppc64":
      optional: true
    "@img/sharp-linux-riscv64":
      optional: true
    "@img/sharp-linux-s390x":
      optional: true
    "@img/sharp-linux-x64":
      optional: true
    "@img/sharp-linuxmusl-arm64":
      optional: true
    "@img/sharp-linuxmusl-x64":
      optional: true
    "@img/sharp-wasm32":
      optional: true
    "@img/sharp-win32-arm64":
      optional: true
    "@img/sharp-win32-ia32":
      optional: true
    "@img/sharp-win32-x64":
      optional: true
  checksum: 10c0/fd79e29df0597a7d5704b8461c51f944ead91a5243691697be6e8243b966402beda53ddc6f0a53b96ea3cb8221f0b244aa588114d3ebf8734fb4aefd41ab802f
  languageName: node
  linkType: hard

"sponsorkit@npm:^17.0.0":
  version: 17.0.0
  resolution: "sponsorkit@npm:17.0.0"
  dependencies:
    ansis: "npm:^4.1.0"
    cac: "npm:^6.7.14"
    consola: "npm:^3.4.2"
    dotenv: "npm:^17.2.1"
    ofetch: "npm:^1.4.1"
    sharp: "npm:^0.34.3"
    unconfig: "npm:^7.3.2"
  bin:
    sponsorkit: bin/sponsorkit.mjs
  checksum: 10c0/86afe798bdbeef39deeba651ab92430c5acf8078b6e63cfc1307531de7ba45b1c783d56b164d6f5070c638d1cd23950320b73dfe3181960c3cfe8328e64566b2
  languageName: node
  linkType: hard

"tslib@npm:^2.4.0":
  version: 2.8.1
  resolution: "tslib@npm:2.8.1"
  checksum: 10c0/9c4759110a19c53f992d9aae23aac5ced636e99887b51b9e61def52611732872ff7668757d4e4c61f19691e36f4da981cd9485e869b4a7408d689f6bf1f14e62
  languageName: node
  linkType: hard

"ufo@npm:^1.5.4":
  version: 1.6.1
  resolution: "ufo@npm:1.6.1"
  checksum: 10c0/5a9f041e5945fba7c189d5410508cbcbefef80b253ed29aa2e1f8a2b86f4bd51af44ee18d4485e6d3468c92be9bf4a42e3a2b72dcaf27ce39ce947ec994f1e6b
  languageName: node
  linkType: hard

"unconfig-core@npm:7.4.2":
  version: 7.4.2
  resolution: "unconfig-core@npm:7.4.2"
  dependencies:
    "@quansync/fs": "npm:^1.0.0"
    quansync: "npm:^1.0.0"
  checksum: 10c0/12aa85c78114a505fb49adc5fd6c2ce58b1661c517caea7f8943b9f56912634bfd085443a84d7675a0b245598e6220daaff0a69e3dd712819e0d05195fcfb75b
  languageName: node
  linkType: hard

"unconfig@npm:^7.3.2":
  version: 7.4.2
  resolution: "unconfig@npm:7.4.2"
  dependencies:
    "@quansync/fs": "npm:^1.0.0"
    defu: "npm:^6.1.4"
    jiti: "npm:^2.6.1"
    quansync: "npm:^1.0.0"
    unconfig-core: "npm:7.4.2"
  checksum: 10c0/8423963303297e1e4213323b87bfa265fb893806d10bc8f7b38d40dab17fcb5f6173683b8400b275687a2c78839d61215679fb41895f5465713f700205464687
  languageName: node
  linkType: hard

"undici-types@npm:~7.16.0":
  version: 7.16.0
  resolution: "undici-types@npm:7.16.0"
  checksum: 10c0/3033e2f2b5c9f1504bdc5934646cb54e37ecaca0f9249c983f7b1fc2e87c6d18399ebb05dc7fd5419e02b2e915f734d872a65da2e3eeed1813951c427d33cc9a
  languageName: node
  linkType: hard
